// !$*UTF8*$!
{
	archiveVersion = 1;
	classes = {
	};
	objectVersion = 50;
	objects = {

/* Begin PBXBuildFile section */
		9C20F8BA23E282F5009CA2EE /* AppDelegate.swift in Sources */ = {isa = PBXBuildFile; fileRef = 9C20F8B923E282F5009CA2EE /* AppDelegate.swift */; };
		9C20F8BC23E282F5009CA2EE /* SceneDelegate.swift in Sources */ = {isa = PBXBuildFile; fileRef = 9C20F8BB23E282F5009CA2EE /* SceneDelegate.swift */; };
		9C20F8C123E282F5009CA2EE /* Main.storyboard in Resources */ = {isa = PBXBuildFile; fileRef = 9C20F8BF23E282F5009CA2EE /* Main.storyboard */; };
		9C20F8C323E282FB009CA2EE /* Assets.xcassets in Resources */ = {isa = PBXBuildFile; fileRef = 9C20F8C223E282FB009CA2EE /* Assets.xcassets */; };
		9C20F8C623E282FB009CA2EE /* LaunchScreen.storyboard in Resources */ = {isa = PBXBuildFile; fileRef = 9C20F8C423E282FB009CA2EE /* LaunchScreen.storyboard */; };
		9C20F8CF23E28386009CA2EE /* WordsTableTableViewController.swift in Sources */ = {isa = PBXBuildFile; fileRef = 9C20F8CE23E28386009CA2EE /* WordsTableTableViewController.swift */; };
		9C20F8D123E283BD009CA2EE /* DefinitionViewController.swift in Sources */ = {isa = PBXBuildFile; fileRef = 9C20F8D023E283BD009CA2EE /* DefinitionViewController.swift */; };
/* End PBXBuildFile section */

/* Begin PBXFileReference section */
		9C20F8B623E282F5009CA2EE /* Swift Vocabulary.app */ = {isa = PBXFileReference; explicitFileType = wrapper.application; includeInIndex = 0; path = "Swift Vocabulary.app"; sourceTree = BUILT_PRODUCTS_DIR; };
		9C20F8B923E282F5009CA2EE /* AppDelegate.swift */ = {isa = PBXFileReference; lastKnownFileType = sourcecode.swift; path = AppDelegate.swift; sourceTree = "<group>"; };
		9C20F8BB23E282F5009CA2EE /* SceneDelegate.swift */ = {isa = PBXFileReference; lastKnownFileType = sourcecode.swift; path = SceneDelegate.swift; sourceTree = "<group>"; };
		9C20F8C023E282F5009CA2EE /* Base */ = {isa = PBXFileReference; lastKnownFileType = file.storyboard; name = Base; path = Base.lproj/Main.storyboard; sourceTree = "<group>"; };
		9C20F8C223E282FB009CA2EE /* Assets.xcassets */ = {isa = PBXFileReference; lastKnownFileType = folder.assetcatalog; path = Assets.xcassets; sourceTree = "<group>"; };
		9C20F8C523E282FB009CA2EE /* Base */ = {isa = PBXFileReference; lastKnownFileType = file.storyboard; name = Base; path = Base.lproj/LaunchScreen.storyboard; sourceTree = "<group>"; };
		9C20F8C723E282FB009CA2EE /* Info.plist */ = {isa = PBXFileReference; lastKnownFileType = text.plist.xml; path = Info.plist; sourceTree = "<group>"; };
		9C20F8CE23E28386009CA2EE /* WordsTableTableViewController.swift */ = {isa = PBXFileReference; lastKnownFileType = sourcecode.swift; path = WordsTableTableViewController.swift; sourceTree = "<group>"; };
		9C20F8D023E283BD009CA2EE /* DefinitionViewController.swift */ = {isa = PBXFileReference; lastKnownFileType = sourcecode.swift; path = DefinitionViewController.swift; sourceTree = "<group>"; };
/* End PBXFileReference section */

/* Begin PBXFrameworksBuildPhase section */
		9C20F8B323E282F5009CA2EE /* Frameworks */ = {
			isa = PBXFrameworksBuildPhase;
			buildActionMask = 2147483647;
			files = (
			);
			runOnlyForDeploymentPostprocessing = 0;
		};
/* End PBXFrameworksBuildPhase section */

/* Begin PBXGroup section */
		9C20F8AD23E282F5009CA2EE = {
			isa = PBXGroup;
			children = (
				9C20F8B823E282F5009CA2EE /* Swift Vocabulary */,
				9C20F8B723E282F5009CA2EE /* Products */,
			);
			sourceTree = "<group>";
		};
		9C20F8B723E282F5009CA2EE /* Products */ = {
			isa = PBXGroup;
			children = (
				9C20F8B623E282F5009CA2EE /* Swift Vocabulary.app */,
			);
			name = Products;
			sourceTree = "<group>";
		};
		9C20F8B823E282F5009CA2EE /* Swift Vocabulary */ = {
			isa = PBXGroup;
			children = (
				9C20F8D223E283D8009CA2EE /* View Controllers */,
				9C20F8CD23E28320009CA2EE /* Resources */,
				9C20F8BF23E282F5009CA2EE /* Main.storyboard */,
				9C20F8C723E282FB009CA2EE /* Info.plist */,
			);
			path = "Swift Vocabulary";
			sourceTree = "<group>";
		};
		9C20F8CD23E28320009CA2EE /* Resources */ = {
			isa = PBXGroup;
			children = (
				9C20F8C423E282FB009CA2EE /* LaunchScreen.storyboard */,
				9C20F8C223E282FB009CA2EE /* Assets.xcassets */,
				9C20F8BB23E282F5009CA2EE /* SceneDelegate.swift */,
				9C20F8B923E282F5009CA2EE /* AppDelegate.swift */,
			);
			path = Resources;
			sourceTree = "<group>";
		};
		9C20F8D223E283D8009CA2EE /* View Controllers */ = {
			isa = PBXGroup;
			children = (
				9C20F8CE23E28386009CA2EE /* WordsTableTableViewController.swift */,
				9C20F8D023E283BD009CA2EE /* DefinitionViewController.swift */,
			);
			path = "View Controllers";
			sourceTree = "<group>";
		};
/* End PBXGroup section */

/* Begin PBXNativeTarget section */
		9C20F8B523E282F5009CA2EE /* Swift Vocabulary */ = {
			isa = PBXNativeTarget;
			buildConfigurationList = 9C20F8CA23E282FB009CA2EE /* Build configuration list for PBXNativeTarget "Swift Vocabulary" */;
			buildPhases = (
				9C20F8B223E282F5009CA2EE /* Sources */,
				9C20F8B323E282F5009CA2EE /* Frameworks */,
				9C20F8B423E282F5009CA2EE /* Resources */,
			);
			buildRules = (
			);
			dependencies = (
			);
			name = "Swift Vocabulary";
			productName = "Swift Vocabulary";
			productReference = 9C20F8B623E282F5009CA2EE /* Swift Vocabulary.app */;
			productType = "com.apple.product-type.application";
		};
/* End PBXNativeTarget section */

/* Begin PBXProject section */
		9C20F8AE23E282F5009CA2EE /* Project object */ = {
			isa = PBXProject;
			attributes = {
				LastSwiftUpdateCheck = 1130;
				LastUpgradeCheck = 1130;
				ORGANIZATIONNAME = "Jordan Skenandore";
				TargetAttributes = {
					9C20F8B523E282F5009CA2EE = {
						CreatedOnToolsVersion = 11.3.1;
					};
				};
			};
			buildConfigurationList = 9C20F8B123E282F5009CA2EE /* Build configuration list for PBXProject "Swift Vocabulary" */;
			compatibilityVersion = "Xcode 9.3";
			developmentRegion = en;
			hasScannedForEncodings = 0;
			knownRegions = (
				en,
				Base,
			);
			mainGroup = 9C20F8AD23E282F5009CA2EE;
			productRefGroup = 9C20F8B723E282F5009CA2EE /* Products */;
			projectDirPath = "";
			projectRoot = "";
			targets = (
				9C20F8B523E282F5009CA2EE /* Swift Vocabulary */,
			);
		};
/* End PBXProject section */

/* Begin PBXResourcesBuildPhase section */
		9C20F8B423E282F5009CA2EE /* Resources */ = {
			isa = PBXResourcesBuildPhase;
			buildActionMask = 2147483647;
			files = (
				9C20F8C623E282FB009CA2EE /* LaunchScreen.storyboard in Resources */,
				9C20F8C323E282FB009CA2EE /* Assets.xcassets in Resources */,
				9C20F8C123E282F5009CA2EE /* Main.storyboard in Resources */,
			);
			runOnlyForDeploymentPostprocessing = 0;
		};
/* End PBXResourcesBuildPhase section */

/* Begin PBXSourcesBuildPhase section */
		9C20F8B223E282F5009CA2EE /* Sources */ = {
			isa = PBXSourcesBuildPhase;
			buildActionMask = 2147483647;
			files = (
				9C20F8BA23E282F5009CA2EE /* AppDelegate.swift in Sources */,
				9C20F8D123E283BD009CA2EE /* DefinitionViewController.swift in Sources */,
				9C20F8BC23E282F5009CA2EE /* SceneDelegate.swift in Sources */,
				9C20F8CF23E28386009CA2EE /* WordsTableTableViewController.swift in Sources */,
			);
			runOnlyForDeploymentPostprocessing = 0;
		};
/* End PBXSourcesBuildPhase section */

/* Begin PBXVariantGroup section */
		9C20F8BF23E282F5009CA2EE /* Main.storyboard */ = {
			isa = PBXVariantGroup;
			children = (
				9C20F8C023E282F5009CA2EE /* Base */,
			);
			name = Main.storyboard;
			sourceTree = "<group>";
		};
		9C20F8C423E282FB009CA2EE /* LaunchScreen.storyboard */ = {
			isa = PBXVariantGroup;
			children = (
				9C20F8C523E282FB009CA2EE /* Base */,
			);
			name = LaunchScreen.storyboard;
			sourceTree = "<group>";
		};
/* End PBXVariantGroup section */

/* Begin XCBuildConfiguration section */
		9C20F8C823E282FB009CA2EE /* Debug */ = {
			isa = XCBuildConfiguration;
			buildSettings = {
				ALWAYS_SEARCH_USER_PATHS = NO;
				CLANG_ANALYZER_NONNULL = YES;
				CLANG_ANALYZER_NUMBER_OBJECT_CONVERSION = YES_AGGRESSIVE;
				CLANG_CXX_LANGUAGE_STANDARD = "gnu++14";
				CLANG_CXX_LIBRARY = "libc++";
				CLANG_ENABLE_MODULES = YES;
				CLANG_ENABLE_OBJC_ARC = YES;
				CLANG_ENABLE_OBJC_WEAK = YES;
				CLANG_WARN_BLOCK_CAPTURE_AUTORELEASING = YES;
				CLANG_WARN_BOOL_CONVERSION = YES;
				CLANG_WARN_COMMA = YES;
				CLANG_WARN_CONSTANT_CONVERSION = YES;
				CLANG_WARN_DEPRECATED_OBJC_IMPLEMENTATIONS = YES;
				CLANG_WARN_DIRECT_OBJC_ISA_USAGE = YES_ERROR;
				CLANG_WARN_DOCUMENTATION_COMMENTS = YES;
				CLANG_WARN_EMPTY_BODY = YES;
				CLANG_WARN_ENUM_CONVERSION = YES;
				CLANG_WARN_INFINITE_RECURSION = YES;
				CLANG_WARN_INT_CONVERSION = YES;
				CLANG_WARN_NON_LITERAL_NULL_CONVERSION = YES;
				CLANG_WARN_OBJC_IMPLICIT_RETAIN_SELF = YES;
				CLANG_WARN_OBJC_LITERAL_CONVERSION = YES;
				CLANG_WARN_OBJC_ROOT_CLASS = YES_ERROR;
				CLANG_WARN_RANGE_LOOP_ANALYSIS = YES;
				CLANG_WARN_STRICT_PROTOTYPES = YES;
				CLANG_WARN_SUSPICIOUS_MOVE = YES;
				CLANG_WARN_UNGUARDED_AVAILABILITY = YES_AGGRESSIVE;
				CLANG_WARN_UNREACHABLE_CODE = YES;
				CLANG_WARN__DUPLICATE_METHOD_MATCH = YES;
				COPY_PHASE_STRIP = NO;
				DEBUG_INFORMATION_FORMAT = dwarf;
				ENABLE_STRICT_OBJC_MSGSEND = YES;
				ENABLE_TESTABILITY = YES;
				GCC_C_LANGUAGE_STANDARD = gnu11;
				GCC_DYNAMIC_NO_PIC = NO;
				GCC_NO_COMMON_BLOCKS = YES;
				GCC_OPTIMIZATION_LEVEL = 0;
				GCC_PREPROCESSOR_DEFINITIONS = (
					"DEBUG=1",
					"$(inherited)",
				);
				GCC_WARN_64_TO_32_BIT_CONVERSION = YES;
				GCC_WARN_ABOUT_RETURN_TYPE = YES_ERROR;
				GCC_WARN_UNDECLARED_SELECTOR = YES;
				GCC_WARN_UNINITIALIZED_AUTOS = YES_AGGRESSIVE;
				GCC_WARN_UNUSED_FUNCTION = YES;
				GCC_WARN_UNUSED_VARIABLE = YES;
				IPHONEOS_DEPLOYMENT_TARGET = 13.2;
				MTL_ENABLE_DEBUG_INFO = INCLUDE_SOURCE;
				MTL_FAST_MATH = YES;
				ONLY_ACTIVE_ARCH = YES;
				SDKROOT = iphoneos;
				SWIFT_ACTIVE_COMPILATION_CONDITIONS = DEBUG;
				SWIFT_OPTIMIZATION_LEVEL = "-Onone";
			};
			name = Debug;
		};
		9C20F8C923E282FB009CA2EE /* Release */ = {
			isa = XCBuildConfiguration;
			buildSettings = {
				ALWAYS_SEARCH_USER_PATHS = NO;
				CLANG_ANALYZER_NONNULL = YES;
				CLANG_ANALYZER_NUMBER_OBJECT_CONVERSION = YES_AGGRESSIVE;
				CLANG_CXX_LANGUAGE_STANDARD = "gnu++14";
				CLANG_CXX_LIBRARY = "libc++";
				CLANG_ENABLE_MODULES = YES;
				CLANG_ENABLE_OBJC_ARC = YES;
				CLANG_ENABLE_OBJC_WEAK = YES;
				CLANG_WARN_BLOCK_CAPTURE_AUTORELEASING = YES;
				CLANG_WARN_BOOL_CONVERSION = YES;
				CLANG_WARN_COMMA = YES;
				CLANG_WARN_CONSTANT_CONVERSION = YES;
				CLANG_WARN_DEPRECATED_OBJC_IMPLEMENTATIONS = YES;
				CLANG_WARN_DIRECT_OBJC_ISA_USAGE = YES_ERROR;
				CLANG_WARN_DOCUMENTATION_COMMENTS = YES;
				CLANG_WARN_EMPTY_BODY = YES;
				CLANG_WARN_ENUM_CONVERSION = YES;
				CLANG_WARN_INFINITE_RECURSION = YES;
				CLANG_WARN_INT_CONVERSION = YES;
				CLANG_WARN_NON_LITERAL_NULL_CONVERSION = YES;
				CLANG_WARN_OBJC_IMPLICIT_RETAIN_SELF = YES;
				CLANG_WARN_OBJC_LITERAL_CONVERSION = YES;
				CLANG_WARN_OBJC_ROOT_CLASS = YES_ERROR;
				CLANG_WARN_RANGE_LOOP_ANALYSIS = YES;
				CLANG_WARN_STRICT_PROTOTYPES = YES;
				CLANG_WARN_SUSPICIOUS_MOVE = YES;
				CLANG_WARN_UNGUARDED_AVAILABILITY = YES_AGGRESSIVE;
				CLANG_WARN_UNREACHABLE_CODE = YES;
				CLANG_WARN__DUPLICATE_METHOD_MATCH = YES;
				COPY_PHASE_STRIP = NO;
				DEBUG_INFORMATION_FORMAT = "dwarf-with-dsym";
				ENABLE_NS_ASSERTIONS = NO;
				ENABLE_STRICT_OBJC_MSGSEND = YES;
				GCC_C_LANGUAGE_STANDARD = gnu11;
				GCC_NO_COMMON_BLOCKS = YES;
				GCC_WARN_64_TO_32_BIT_CONVERSION = YES;
				GCC_WARN_ABOUT_RETURN_TYPE = YES_ERROR;
				GCC_WARN_UNDECLARED_SELECTOR = YES;
				GCC_WARN_UNINITIALIZED_AUTOS = YES_AGGRESSIVE;
				GCC_WARN_UNUSED_FUNCTION = YES;
				GCC_WARN_UNUSED_VARIABLE = YES;
				IPHONEOS_DEPLOYMENT_TARGET = 13.2;
				MTL_ENABLE_DEBUG_INFO = NO;
				MTL_FAST_MATH = YES;
				SDKROOT = iphoneos;
				SWIFT_COMPILATION_MODE = wholemodule;
				SWIFT_OPTIMIZATION_LEVEL = "-O";
				VALIDATE_PRODUCT = YES;
			};
			name = Release;
		};
		9C20F8CB23E282FB009CA2EE /* Debug */ = {
			isa = XCBuildConfiguration;
			buildSettings = {
				ASSETCATALOG_COMPILER_APPICON_NAME = AppIcon;
				CODE_SIGN_STYLE = Automatic;
				DEVELOPMENT_TEAM = 58Z68DWYKB;
				INFOPLIST_FILE = "Swift Vocabulary/Info.plist";
				LD_RUNPATH_SEARCH_PATHS = (
					"$(inherited)",
					"@executable_path/Frameworks",
				);
				PRODUCT_BUNDLE_IDENTIFIER = "com.jordanskenandore.Swift-Vocabulary";
				PRODUCT_NAME = "$(TARGET_NAME)";
				SWIFT_VERSION = 5.0;
				TARGETED_DEVICE_FAMILY = "1,2";
			};
			name = Debug;
		};
		9C20F8CC23E282FB009CA2EE /* Release */ = {
			isa = XCBuildConfiguration;
			buildSettings = {
				ASSETCATALOG_COMPILER_APPICON_NAME = AppIcon;
				CODE_SIGN_STYLE = Automatic;
				DEVELOPMENT_TEAM = 58Z68DWYKB;
				INFOPLIST_FILE = "Swift Vocabulary/Info.plist";
				LD_RUNPATH_SEARCH_PATHS = (
					"$(inherited)",
					"@executable_path/Frameworks",
				);
				PRODUCT_BUNDLE_IDENTIFIER = "com.jordanskenandore.Swift-Vocabulary";
				PRODUCT_NAME = "$(TARGET_NAME)";
				SWIFT_VERSION = 5.0;
				TARGETED_DEVICE_FAMILY = "1,2";
			};
			name = Release;
		};
/* End XCBuildConfiguration section */

/* Begin XCConfigurationList section */
		9C20F8B123E282F5009CA2EE /* Build configuration list for PBXProject "Swift Vocabulary" */ = {
			isa = XCConfigurationList;
			buildConfigurations = (
				9C20F8C823E282FB009CA2EE /* Debug */,
				9C20F8C923E282FB009CA2EE /* Release */,
			);
			defaultConfigurationIsVisible = 0;
			defaultConfigurationName = Release;
		};
		9C20F8CA23E282FB009CA2EE /* Build configuration list for PBXNativeTarget "Swift Vocabulary" */ = {
			isa = XCConfigurationList;
			buildConfigurations = (
				9C20F8CB23E282FB009CA2EE /* Debug */,
				9C20F8CC23E282FB009CA2EE /* Release */,
			);
			defaultConfigurationIsVisible = 0;
			defaultConfigurationName = Release;
		};
/* End XCConfigurationList section */
	};
	rootObject = 9C20F8AE23E282F5009CA2EE /* Project object */;
}
